// !$*UTF8*$!
{
	archiveVersion = 1;
	classes = {
	};
	objectVersion = 46;
	objects = {
/* Begin PBXBuildFile section */
		0207DA581B56EA530066E2B4 /* Images.xcassets in Resources */ = {isa = PBXBuildFile; fileRef = 0207DA571B56EA530066E2B4 /* Images.xcassets */; };
		1D3623260D0F684500981E51 /* AppDelegate.m in Sources */ = {isa = PBXBuildFile; fileRef = 1D3623250D0F684500981E51 /* AppDelegate.m */; };
		1D60589B0D05DD56006BFB54 /* main.m in Sources */ = {isa = PBXBuildFile; fileRef = 29B97316FDCFA39411CA2CEA /* main.m */; };
		301BF552109A68D80062928A /* libCordova.a in Frameworks */ = {isa = PBXBuildFile; fileRef = 301BF535109A57CC0062928A /* libCordova.a */; };
		302D95F114D2391D003F00A1 /* MainViewController.m in Sources */ = {isa = PBXBuildFile; fileRef = 302D95EF14D2391D003F00A1 /* MainViewController.m */; };
		302D95F214D2391D003F00A1 /* MainViewController.xib in Resources */ = {isa = PBXBuildFile; fileRef = 302D95F014D2391D003F00A1 /* MainViewController.xib */; };
		3047A5121AB8059700498E2A /* build-debug.xcconfig in Resources */ = {isa = PBXBuildFile; fileRef = 3047A50F1AB8059700498E2A /* build-debug.xcconfig */; };
		3047A5131AB8059700498E2A /* build-release.xcconfig in Resources */ = {isa = PBXBuildFile; fileRef = 3047A5101AB8059700498E2A /* build-release.xcconfig */; };
		3047A5141AB8059700498E2A /* build.xcconfig in Resources */ = {isa = PBXBuildFile; fileRef = 3047A5111AB8059700498E2A /* build.xcconfig */; };
		6AFF5BF91D6E424B00AB3073 /* CDVLaunchScreen.storyboard in Resources */ = {isa = PBXBuildFile; fileRef = 6AFF5BF81D6E424B00AB3073 /* CDVLaunchScreen.storyboard */; };
		4D3C0B2EC5174131B961F751 /* CDVFile.m in Sources */ = {isa = PBXBuildFile; fileRef = 43C9172A1E4A47CFBFD1B3C9 /* CDVFile.m */; };
		232F24A69E974CD1A1947730 /* CDVLocalFilesystem.m in Sources */ = {isa = PBXBuildFile; fileRef = C85E922E42E4450B90D4075D /* CDVLocalFilesystem.m */; };
		A28403FCFD454EA38241FE8B /* CDVAssetLibraryFilesystem.m in Sources */ = {isa = PBXBuildFile; fileRef = 77A05447FA754B80A603C0F9 /* CDVAssetLibraryFilesystem.m */; };
		5CA5A313904C4DA89A25DA20 /* CordovaHttpPlugin.m in Sources */ = {isa = PBXBuildFile; fileRef = 3DA4D9A29BCF44E28B47AC6A /* CordovaHttpPlugin.m */; };
		F8136A2478D24FBE80E0C149 /* TextResponseSerializer.m in Sources */ = {isa = PBXBuildFile; fileRef = 08A02137444F4E57A45DD5F8 /* TextResponseSerializer.m */; };
		A9249615E4014B0F88DB935B /* TextRequestSerializer.m in Sources */ = {isa = PBXBuildFile; fileRef = 6A0D17C3B73048CFA5C85925 /* TextRequestSerializer.m */; };
		F0F94015F6C94EB9B1E3AFEB /* AFHTTPSessionManager.m in Sources */ = {isa = PBXBuildFile; fileRef = 320F9EB504AA493298078604 /* AFHTTPSessionManager.m */; };
		26452D1E599B469D86874390 /* AFNetworkReachabilityManager.m in Sources */ = {isa = PBXBuildFile; fileRef = C3507970EA7048AB968A6A1B /* AFNetworkReachabilityManager.m */; };
		4C1382E0E5BD4BFC9E04575C /* AFSecurityPolicy.m in Sources */ = {isa = PBXBuildFile; fileRef = BEDA7B1FDEFE4F21AC3BBFB2 /* AFSecurityPolicy.m */; };
		801F85E98B3D42F88B48FDFD /* AFURLRequestSerialization.m in Sources */ = {isa = PBXBuildFile; fileRef = 12BCE53B31E64E3DBC7EC649 /* AFURLRequestSerialization.m */; };
		F4884869F0774DED803D5214 /* AFURLResponseSerialization.m in Sources */ = {isa = PBXBuildFile; fileRef = 5D24A3AE77A94FE28683C343 /* AFURLResponseSerialization.m */; };
		D9CCDDB00BF340F7991E3517 /* AFURLSessionManager.m in Sources */ = {isa = PBXBuildFile; fileRef = 74362A1B42DA4EBEA13DEBF2 /* AFURLSessionManager.m */; };
		1C653494CFED4B589FD347BA /* SDNetworkActivityIndicator.m in Sources */ = {isa = PBXBuildFile; fileRef = 09442F8E41A942529D156D45 /* SDNetworkActivityIndicator.m */; };
		7CD35E82C6DB40678AF5B94B /* Security.framework in Frameworks */ = {isa = PBXBuildFile; fileRef = D536AF3A1EA44208A9981E9D /* Security.framework */; };
		C5CF68A22B9D4137A4F984CB /* SystemConfiguration.framework in Frameworks */ = {isa = PBXBuildFile; fileRef = BAB5C2111BFA45D8A641B40D /* SystemConfiguration.framework */; };
		DE952FCD5BC24356956BF659 /* CDVDevice.m in Sources */ = {isa = PBXBuildFile; fileRef = 4C1E485D9EAD475B92B02983 /* CDVDevice.m */; };
		7A18353F573F44B891EE83E5 /* CDVIonicKeyboard.m in Sources */ = {isa = PBXBuildFile; fileRef = 151F9AE1A7A04F18A10551F5 /* CDVIonicKeyboard.m */; };
		C5ACEFC7BC8447C1B720DEBA /* CDVWKWebViewEngine.m in Sources */ = {isa = PBXBuildFile; fileRef = A6FB28B48AB740D9BF4E83AF /* CDVWKWebViewEngine.m */; };
		66A934EA0A67491DA37347AA /* CDVWKWebViewUIDelegate.m in Sources */ = {isa = PBXBuildFile; fileRef = 96B4B8D9E79548868E50BC1C /* CDVWKWebViewUIDelegate.m */; };
		A2C68527DEEF43788CD8274F /* CDVWKProcessPoolFactory.m in Sources */ = {isa = PBXBuildFile; fileRef = 60E2811F842541F0B9254451 /* CDVWKProcessPoolFactory.m */; };
		8263C6CA838645B88A04D3DC /* GCDWebServer.m in Sources */ = {isa = PBXBuildFile; fileRef = 7685A17629E34BE3A064FF04 /* GCDWebServer.m */; };
		81156B27740D4C44B29E5DC9 /* GCDWebServerConnection.m in Sources */ = {isa = PBXBuildFile; fileRef = 16E20725F22F4869ABFCF34C /* GCDWebServerConnection.m */; };
		1001524DC7184ED9BA92B7B5 /* GCDWebServerFunctions.m in Sources */ = {isa = PBXBuildFile; fileRef = 9E72405DD42C409B8BFEB70C /* GCDWebServerFunctions.m */; };
		C9CEB23154884B4CB2DDD225 /* GCDWebServerRequest.m in Sources */ = {isa = PBXBuildFile; fileRef = 6404560AEBAD4DB793AC0B77 /* GCDWebServerRequest.m */; };
		11B7AF77F7CA43079F1D1C23 /* GCDWebServerResponse.m in Sources */ = {isa = PBXBuildFile; fileRef = B6A4CDBCE233476AB587CE09 /* GCDWebServerResponse.m */; };
		A18F9E62594E4C0F8382F301 /* GCDWebServerDataRequest.m in Sources */ = {isa = PBXBuildFile; fileRef = C4A839F223F6458D872569B6 /* GCDWebServerDataRequest.m */; };
		CDD95A65BA1840E8A6582E5E /* GCDWebServerFileRequest.m in Sources */ = {isa = PBXBuildFile; fileRef = 50C4CB03387945D5924BD9EC /* GCDWebServerFileRequest.m */; };
		D12A798C0E50479498BC1448 /* GCDWebServerMultiPartFormRequest.m in Sources */ = {isa = PBXBuildFile; fileRef = B8E8752640274CE4A3202FE0 /* GCDWebServerMultiPartFormRequest.m */; };
		9A8BA3E4DD754802BC69F78E /* GCDWebServerURLEncodedFormRequest.m in Sources */ = {isa = PBXBuildFile; fileRef = EB4110698B71427B98F9D50B /* GCDWebServerURLEncodedFormRequest.m */; };
		920C691F1AB749CBA6D87D98 /* GCDWebServerDataResponse.m in Sources */ = {isa = PBXBuildFile; fileRef = BB418DD9D5BD4522BB8572DE /* GCDWebServerDataResponse.m */; };
		ED5CF106036740F79360D969 /* GCDWebServerErrorResponse.m in Sources */ = {isa = PBXBuildFile; fileRef = 577FDFCFD1AA42CC917722AD /* GCDWebServerErrorResponse.m */; };
		0B6A06BDF17B470A8C443683 /* GCDWebServerFileResponse.m in Sources */ = {isa = PBXBuildFile; fileRef = D2539BB883654D38B28482A8 /* GCDWebServerFileResponse.m */; };
		E7BEA2ED13BE4225B010C71D /* GCDWebServerStreamedResponse.m in Sources */ = {isa = PBXBuildFile; fileRef = CF83A6A294784417ABD131A4 /* GCDWebServerStreamedResponse.m */; };
		D74CF49005B046369E7D70E0 /* WebKit.framework in Frameworks */ = {isa = PBXBuildFile; fileRef = 5A00DC05E4E54877B5D2FC78 /* WebKit.framework */; settings = {ATTRIBUTES = (Weak, ); }; };
		4A20E2720F0F4C958C36159A /* libz.tbd in Frameworks */ = {isa = PBXBuildFile; fileRef = E94BA357FDF84636BD4197DE /* libz.tbd */; };
		8C467A05AE7745A1A278B008 /* CDVSplashScreen.m in Sources */ = {isa = PBXBuildFile; fileRef = B8480ECFCB1047BEB7389250 /* CDVSplashScreen.m */; };
		FD3E60543E7F4D58935C5C39 /* CDVViewController+SplashScreen.m in Sources */ = {isa = PBXBuildFile; fileRef = EC329711172249868BE6B601 /* CDVViewController+SplashScreen.m */; };
		724031B24610469FA70C4750 /* CDVStatusBar.m in Sources */ = {isa = PBXBuildFile; fileRef = 74D48BFC5C45409B9B9CEB26 /* CDVStatusBar.m */; };
/* End PBXBuildFile section */

/* Begin PBXContainerItemProxy section */
		301BF534109A57CC0062928A /* PBXContainerItemProxy */ = {
			isa = PBXContainerItemProxy;
			containerPortal = 301BF52D109A57CC0062928A /* CordovaLib.xcodeproj */;
			proxyType = 2;
			remoteGlobalIDString = D2AAC07E0554694100DB518D;
			remoteInfo = CordovaLib;
		};
		301BF550109A68C00062928A /* PBXContainerItemProxy */ = {
			isa = PBXContainerItemProxy;
			containerPortal = 301BF52D109A57CC0062928A /* CordovaLib.xcodeproj */;
			proxyType = 1;
			remoteGlobalIDString = D2AAC07D0554694100DB518D;
			remoteInfo = CordovaLib;
		};
/* End PBXContainerItemProxy section */

/* Begin PBXFileReference section */
		0207DA571B56EA530066E2B4 /* Images.xcassets */ = {isa = PBXFileReference; lastKnownFileType = folder.assetcatalog; name = Images.xcassets; path = "dippinno/Images.xcassets"; sourceTree = SOURCE_ROOT; };
		1D3623240D0F684500981E51 /* AppDelegate.h */ = {isa = PBXFileReference; fileEncoding = 4; lastKnownFileType = sourcecode.c.h; path = AppDelegate.h; sourceTree = "<group>"; };
		1D3623250D0F684500981E51 /* AppDelegate.m */ = {isa = PBXFileReference; fileEncoding = 4; lastKnownFileType = sourcecode.c.objc; path = AppDelegate.m; sourceTree = "<group>"; };
		1D6058910D05DD3D006BFB54 /* dippinno.app */ = {isa = PBXFileReference; explicitFileType = wrapper.application; includeInIndex = 0; path = "dippinno.app"; sourceTree = BUILT_PRODUCTS_DIR; };
		29B97316FDCFA39411CA2CEA /* main.m */ = {isa = PBXFileReference; fileEncoding = 4; lastKnownFileType = sourcecode.c.objc; path = main.m; sourceTree = "<group>"; };
		301BF52D109A57CC0062928A /* CordovaLib.xcodeproj */ = {isa = PBXFileReference; lastKnownFileType = "wrapper.pb-project"; path = CordovaLib/CordovaLib.xcodeproj; sourceTree = "<group>"; };
		301BF56E109A69640062928A /* www */ = {isa = PBXFileReference; lastKnownFileType = folder; path = www; sourceTree = SOURCE_ROOT; };
		302D95EE14D2391D003F00A1 /* MainViewController.h */ = {isa = PBXFileReference; fileEncoding = 4; lastKnownFileType = sourcecode.c.h; path = MainViewController.h; sourceTree = "<group>"; };
		302D95EF14D2391D003F00A1 /* MainViewController.m */ = {isa = PBXFileReference; fileEncoding = 4; lastKnownFileType = sourcecode.c.objc; path = MainViewController.m; sourceTree = "<group>"; };
		302D95F014D2391D003F00A1 /* MainViewController.xib */ = {isa = PBXFileReference; fileEncoding = 4; lastKnownFileType = file.xib; path = MainViewController.xib; sourceTree = "<group>"; };
		3047A50F1AB8059700498E2A /* build-debug.xcconfig */ = {isa = PBXFileReference; fileEncoding = 4; lastKnownFileType = text.xcconfig; name = "build-debug.xcconfig"; path = cordova/build-debug.xcconfig; sourceTree = SOURCE_ROOT; };
		3047A5101AB8059700498E2A /* build-release.xcconfig */ = {isa = PBXFileReference; fileEncoding = 4; lastKnownFileType = text.xcconfig; name = "build-release.xcconfig"; path = cordova/build-release.xcconfig; sourceTree = SOURCE_ROOT; };
		3047A5111AB8059700498E2A /* build.xcconfig */ = {isa = PBXFileReference; fileEncoding = 4; lastKnownFileType = text.xcconfig; name = build.xcconfig; path = cordova/build.xcconfig; sourceTree = SOURCE_ROOT; };
		32CA4F630368D1EE00C91783 /* dippinno-Prefix.pch */ = {isa = PBXFileReference; fileEncoding = 4; lastKnownFileType = sourcecode.c.h; path = "dippinno-Prefix.pch"; sourceTree = "<group>"; };
		6AFF5BF81D6E424B00AB3073 /* CDVLaunchScreen.storyboard */ = {isa = PBXFileReference; fileEncoding = 4; lastKnownFileType = file.storyboard; name = CDVLaunchScreen.storyboard; path = "dippinno/CDVLaunchScreen.storyboard"; sourceTree = SOURCE_ROOT; };
		8D1107310486CEB800E47090 /* dippinno-Info.plist */ = {isa = PBXFileReference; fileEncoding = 4; lastKnownFileType = text.plist.xml; name = "dippinno-Info.plist"; path = "dippinno/dippinno-Info.plist"; plistStructureDefinitionIdentifier = "com.apple.xcode.plist.structure-definition.iphone.info-plist"; sourceTree = SOURCE_ROOT; };
		EB87FDF31871DA8E0020F90C /* www */ = {isa = PBXFileReference; lastKnownFileType = folder; name = www; path = ../../www; sourceTree = "<group>"; };
		EB87FDF41871DAF40020F90C /* config.xml */ = {isa = PBXFileReference; lastKnownFileType = text.xml; name = config.xml; path = ../../config.xml; sourceTree = "<group>"; };
		F840E1F0165FE0F500CFE078 /* config.xml */ = {isa = PBXFileReference; lastKnownFileType = text.xml; name = config.xml; path = "dippinno/config.xml"; sourceTree = "<group>"; };
		ED33DF2A687741AEAF9F8254 /* Bridging-Header.h */ = {isa = PBXFileReference; fileEncoding = 4; lastKnownFileType = sourcecode.c.h; name = "Bridging-Header.h"; path = "Bridging-Header.h"; sourceTree = "<group>"; };
		43C9172A1E4A47CFBFD1B3C9 /* CDVFile.m */ = {isa = PBXFileReference; name = "CDVFile.m"; path = "cordova-plugin-file/CDVFile.m"; sourceTree = "<group>"; fileEncoding = 4; lastKnownFileType = sourcecode.c.objc; explicitFileType = undefined; includeInIndex = 0; };
		C85E922E42E4450B90D4075D /* CDVLocalFilesystem.m */ = {isa = PBXFileReference; name = "CDVLocalFilesystem.m"; path = "cordova-plugin-file/CDVLocalFilesystem.m"; sourceTree = "<group>"; fileEncoding = 4; lastKnownFileType = sourcecode.c.objc; explicitFileType = undefined; includeInIndex = 0; };
		77A05447FA754B80A603C0F9 /* CDVAssetLibraryFilesystem.m */ = {isa = PBXFileReference; name = "CDVAssetLibraryFilesystem.m"; path = "cordova-plugin-file/CDVAssetLibraryFilesystem.m"; sourceTree = "<group>"; fileEncoding = 4; lastKnownFileType = sourcecode.c.objc; explicitFileType = undefined; includeInIndex = 0; };
		C714082C9BB44FBDB369D49D /* CDVFile.h */ = {isa = PBXFileReference; name = "CDVFile.h"; path = "cordova-plugin-file/CDVFile.h"; sourceTree = "<group>"; fileEncoding = 4; lastKnownFileType = sourcecode.c.h; explicitFileType = undefined; includeInIndex = 0; };
		42FDC75C6C584E04ADF962FA /* CDVLocalFilesystem.h */ = {isa = PBXFileReference; name = "CDVLocalFilesystem.h"; path = "cordova-plugin-file/CDVLocalFilesystem.h"; sourceTree = "<group>"; fileEncoding = 4; lastKnownFileType = sourcecode.c.h; explicitFileType = undefined; includeInIndex = 0; };
		B8A23EDB50204ABC89E8A272 /* CDVAssetLibraryFilesystem.h */ = {isa = PBXFileReference; name = "CDVAssetLibraryFilesystem.h"; path = "cordova-plugin-file/CDVAssetLibraryFilesystem.h"; sourceTree = "<group>"; fileEncoding = 4; lastKnownFileType = sourcecode.c.h; explicitFileType = undefined; includeInIndex = 0; };
		3DA4D9A29BCF44E28B47AC6A /* CordovaHttpPlugin.m */ = {isa = PBXFileReference; name = "CordovaHttpPlugin.m"; path = "cordova-plugin-advanced-http/CordovaHttpPlugin.m"; sourceTree = "<group>"; fileEncoding = 4; lastKnownFileType = sourcecode.c.objc; explicitFileType = undefined; includeInIndex = 0; };
		08A02137444F4E57A45DD5F8 /* TextResponseSerializer.m */ = {isa = PBXFileReference; name = "TextResponseSerializer.m"; path = "cordova-plugin-advanced-http/TextResponseSerializer.m"; sourceTree = "<group>"; fileEncoding = 4; lastKnownFileType = sourcecode.c.objc; explicitFileType = undefined; includeInIndex = 0; };
		6A0D17C3B73048CFA5C85925 /* TextRequestSerializer.m */ = {isa = PBXFileReference; name = "TextRequestSerializer.m"; path = "cordova-plugin-advanced-http/TextRequestSerializer.m"; sourceTree = "<group>"; fileEncoding = 4; lastKnownFileType = sourcecode.c.objc; explicitFileType = undefined; includeInIndex = 0; };
		320F9EB504AA493298078604 /* AFHTTPSessionManager.m */ = {isa = PBXFileReference; name = "AFHTTPSessionManager.m"; path = "cordova-plugin-advanced-http/AFHTTPSessionManager.m"; sourceTree = "<group>"; fileEncoding = 4; lastKnownFileType = sourcecode.c.objc; explicitFileType = undefined; includeInIndex = 0; };
		C3507970EA7048AB968A6A1B /* AFNetworkReachabilityManager.m */ = {isa = PBXFileReference; name = "AFNetworkReachabilityManager.m"; path = "cordova-plugin-advanced-http/AFNetworkReachabilityManager.m"; sourceTree = "<group>"; fileEncoding = 4; lastKnownFileType = sourcecode.c.objc; explicitFileType = undefined; includeInIndex = 0; };
		BEDA7B1FDEFE4F21AC3BBFB2 /* AFSecurityPolicy.m */ = {isa = PBXFileReference; name = "AFSecurityPolicy.m"; path = "cordova-plugin-advanced-http/AFSecurityPolicy.m"; sourceTree = "<group>"; fileEncoding = 4; lastKnownFileType = sourcecode.c.objc; explicitFileType = undefined; includeInIndex = 0; };
		12BCE53B31E64E3DBC7EC649 /* AFURLRequestSerialization.m */ = {isa = PBXFileReference; name = "AFURLRequestSerialization.m"; path = "cordova-plugin-advanced-http/AFURLRequestSerialization.m"; sourceTree = "<group>"; fileEncoding = 4; lastKnownFileType = sourcecode.c.objc; explicitFileType = undefined; includeInIndex = 0; };
		5D24A3AE77A94FE28683C343 /* AFURLResponseSerialization.m */ = {isa = PBXFileReference; name = "AFURLResponseSerialization.m"; path = "cordova-plugin-advanced-http/AFURLResponseSerialization.m"; sourceTree = "<group>"; fileEncoding = 4; lastKnownFileType = sourcecode.c.objc; explicitFileType = undefined; includeInIndex = 0; };
		74362A1B42DA4EBEA13DEBF2 /* AFURLSessionManager.m */ = {isa = PBXFileReference; name = "AFURLSessionManager.m"; path = "cordova-plugin-advanced-http/AFURLSessionManager.m"; sourceTree = "<group>"; fileEncoding = 4; lastKnownFileType = sourcecode.c.objc; explicitFileType = undefined; includeInIndex = 0; };
		09442F8E41A942529D156D45 /* SDNetworkActivityIndicator.m */ = {isa = PBXFileReference; name = "SDNetworkActivityIndicator.m"; path = "cordova-plugin-advanced-http/SDNetworkActivityIndicator.m"; sourceTree = "<group>"; fileEncoding = 4; lastKnownFileType = sourcecode.c.objc; explicitFileType = undefined; includeInIndex = 0; };
		F487E17D46AD44A481B6F397 /* CordovaHttpPlugin.h */ = {isa = PBXFileReference; name = "CordovaHttpPlugin.h"; path = "cordova-plugin-advanced-http/CordovaHttpPlugin.h"; sourceTree = "<group>"; fileEncoding = 4; lastKnownFileType = sourcecode.c.h; explicitFileType = undefined; includeInIndex = 0; };
		43038DE859304B7DADF465B1 /* TextResponseSerializer.h */ = {isa = PBXFileReference; name = "TextResponseSerializer.h"; path = "cordova-plugin-advanced-http/TextResponseSerializer.h"; sourceTree = "<group>"; fileEncoding = 4; lastKnownFileType = sourcecode.c.h; explicitFileType = undefined; includeInIndex = 0; };
		0DA397DD62654B398BA78BB6 /* TextRequestSerializer.h */ = {isa = PBXFileReference; name = "TextRequestSerializer.h"; path = "cordova-plugin-advanced-http/TextRequestSerializer.h"; sourceTree = "<group>"; fileEncoding = 4; lastKnownFileType = sourcecode.c.h; explicitFileType = undefined; includeInIndex = 0; };
		42D526FD698843248DE8DB04 /* AFHTTPSessionManager.h */ = {isa = PBXFileReference; name = "AFHTTPSessionManager.h"; path = "cordova-plugin-advanced-http/AFHTTPSessionManager.h"; sourceTree = "<group>"; fileEncoding = 4; lastKnownFileType = sourcecode.c.h; explicitFileType = undefined; includeInIndex = 0; };
		C46E661E0CD041678F439EF4 /* AFNetworking.h */ = {isa = PBXFileReference; name = "AFNetworking.h"; path = "cordova-plugin-advanced-http/AFNetworking.h"; sourceTree = "<group>"; fileEncoding = 4; lastKnownFileType = sourcecode.c.h; explicitFileType = undefined; includeInIndex = 0; };
		09886C9A27894568AF87EC31 /* AFNetworkReachabilityManager.h */ = {isa = PBXFileReference; name = "AFNetworkReachabilityManager.h"; path = "cordova-plugin-advanced-http/AFNetworkReachabilityManager.h"; sourceTree = "<group>"; fileEncoding = 4; lastKnownFileType = sourcecode.c.h; explicitFileType = undefined; includeInIndex = 0; };
		415F08A57BAD411B84A7E176 /* AFSecurityPolicy.h */ = {isa = PBXFileReference; name = "AFSecurityPolicy.h"; path = "cordova-plugin-advanced-http/AFSecurityPolicy.h"; sourceTree = "<group>"; fileEncoding = 4; lastKnownFileType = sourcecode.c.h; explicitFileType = undefined; includeInIndex = 0; };
		2CC213DD700444A087546BD6 /* AFURLRequestSerialization.h */ = {isa = PBXFileReference; name = "AFURLRequestSerialization.h"; path = "cordova-plugin-advanced-http/AFURLRequestSerialization.h"; sourceTree = "<group>"; fileEncoding = 4; lastKnownFileType = sourcecode.c.h; explicitFileType = undefined; includeInIndex = 0; };
		8972EAF7351E4C9BB2B768FE /* AFURLResponseSerialization.h */ = {isa = PBXFileReference; name = "AFURLResponseSerialization.h"; path = "cordova-plugin-advanced-http/AFURLResponseSerialization.h"; sourceTree = "<group>"; fileEncoding = 4; lastKnownFileType = sourcecode.c.h; explicitFileType = undefined; includeInIndex = 0; };
		118AAFD587994B119B906F5F /* AFURLSessionManager.h */ = {isa = PBXFileReference; name = "AFURLSessionManager.h"; path = "cordova-plugin-advanced-http/AFURLSessionManager.h"; sourceTree = "<group>"; fileEncoding = 4; lastKnownFileType = sourcecode.c.h; explicitFileType = undefined; includeInIndex = 0; };
		C035ABA6B4BE4787A443C614 /* SDNetworkActivityIndicator.h */ = {isa = PBXFileReference; name = "SDNetworkActivityIndicator.h"; path = "cordova-plugin-advanced-http/SDNetworkActivityIndicator.h"; sourceTree = "<group>"; fileEncoding = 4; lastKnownFileType = sourcecode.c.h; explicitFileType = undefined; includeInIndex = 0; };
		D536AF3A1EA44208A9981E9D /* Security.framework */ = {isa = PBXFileReference; name = "Security.framework"; path = "System/Library/Frameworks/Security.framework"; sourceTree = SDKROOT; fileEncoding = undefined; lastKnownFileType = wrapper.framework; explicitFileType = undefined; includeInIndex = 0; };
		BAB5C2111BFA45D8A641B40D /* SystemConfiguration.framework */ = {isa = PBXFileReference; name = "SystemConfiguration.framework"; path = "System/Library/Frameworks/SystemConfiguration.framework"; sourceTree = SDKROOT; fileEncoding = undefined; lastKnownFileType = wrapper.framework; explicitFileType = undefined; includeInIndex = 0; };
		4C1E485D9EAD475B92B02983 /* CDVDevice.m */ = {isa = PBXFileReference; name = "CDVDevice.m"; path = "cordova-plugin-device/CDVDevice.m"; sourceTree = "<group>"; fileEncoding = 4; lastKnownFileType = sourcecode.c.objc; explicitFileType = undefined; includeInIndex = 0; };
		DB72155E55794FC9A5718813 /* CDVDevice.h */ = {isa = PBXFileReference; name = "CDVDevice.h"; path = "cordova-plugin-device/CDVDevice.h"; sourceTree = "<group>"; fileEncoding = 4; lastKnownFileType = sourcecode.c.h; explicitFileType = undefined; includeInIndex = 0; };
		151F9AE1A7A04F18A10551F5 /* CDVIonicKeyboard.m */ = {isa = PBXFileReference; name = "CDVIonicKeyboard.m"; path = "cordova-plugin-ionic-keyboard/CDVIonicKeyboard.m"; sourceTree = "<group>"; fileEncoding = 4; lastKnownFileType = sourcecode.c.objc; explicitFileType = undefined; includeInIndex = 0; };
		775D3EBFE557402CA23FA607 /* CDVIonicKeyboard.h */ = {isa = PBXFileReference; name = "CDVIonicKeyboard.h"; path = "cordova-plugin-ionic-keyboard/CDVIonicKeyboard.h"; sourceTree = "<group>"; fileEncoding = 4; lastKnownFileType = sourcecode.c.h; explicitFileType = undefined; includeInIndex = 0; };
		A6FB28B48AB740D9BF4E83AF /* CDVWKWebViewEngine.m */ = {isa = PBXFileReference; name = "CDVWKWebViewEngine.m"; path = "cordova-plugin-ionic-webview/CDVWKWebViewEngine.m"; sourceTree = "<group>"; fileEncoding = 4; lastKnownFileType = sourcecode.c.objc; explicitFileType = undefined; includeInIndex = 0; };
		96B4B8D9E79548868E50BC1C /* CDVWKWebViewUIDelegate.m */ = {isa = PBXFileReference; name = "CDVWKWebViewUIDelegate.m"; path = "cordova-plugin-ionic-webview/CDVWKWebViewUIDelegate.m"; sourceTree = "<group>"; fileEncoding = 4; lastKnownFileType = sourcecode.c.objc; explicitFileType = undefined; includeInIndex = 0; };
		60E2811F842541F0B9254451 /* CDVWKProcessPoolFactory.m */ = {isa = PBXFileReference; name = "CDVWKProcessPoolFactory.m"; path = "cordova-plugin-ionic-webview/CDVWKProcessPoolFactory.m"; sourceTree = "<group>"; fileEncoding = 4; lastKnownFileType = sourcecode.c.objc; explicitFileType = undefined; includeInIndex = 0; };
		7685A17629E34BE3A064FF04 /* GCDWebServer.m */ = {isa = PBXFileReference; name = "GCDWebServer.m"; path = "cordova-plugin-ionic-webview/GCDWebServer.m"; sourceTree = "<group>"; fileEncoding = 4; lastKnownFileType = sourcecode.c.objc; explicitFileType = undefined; includeInIndex = 0; };
		16E20725F22F4869ABFCF34C /* GCDWebServerConnection.m */ = {isa = PBXFileReference; name = "GCDWebServerConnection.m"; path = "cordova-plugin-ionic-webview/GCDWebServerConnection.m"; sourceTree = "<group>"; fileEncoding = 4; lastKnownFileType = sourcecode.c.objc; explicitFileType = undefined; includeInIndex = 0; };
		9E72405DD42C409B8BFEB70C /* GCDWebServerFunctions.m */ = {isa = PBXFileReference; name = "GCDWebServerFunctions.m"; path = "cordova-plugin-ionic-webview/GCDWebServerFunctions.m"; sourceTree = "<group>"; fileEncoding = 4; lastKnownFileType = sourcecode.c.objc; explicitFileType = undefined; includeInIndex = 0; };
		6404560AEBAD4DB793AC0B77 /* GCDWebServerRequest.m */ = {isa = PBXFileReference; name = "GCDWebServerRequest.m"; path = "cordova-plugin-ionic-webview/GCDWebServerRequest.m"; sourceTree = "<group>"; fileEncoding = 4; lastKnownFileType = sourcecode.c.objc; explicitFileType = undefined; includeInIndex = 0; };
		B6A4CDBCE233476AB587CE09 /* GCDWebServerResponse.m */ = {isa = PBXFileReference; name = "GCDWebServerResponse.m"; path = "cordova-plugin-ionic-webview/GCDWebServerResponse.m"; sourceTree = "<group>"; fileEncoding = 4; lastKnownFileType = sourcecode.c.objc; explicitFileType = undefined; includeInIndex = 0; };
		C4A839F223F6458D872569B6 /* GCDWebServerDataRequest.m */ = {isa = PBXFileReference; name = "GCDWebServerDataRequest.m"; path = "cordova-plugin-ionic-webview/GCDWebServerDataRequest.m"; sourceTree = "<group>"; fileEncoding = 4; lastKnownFileType = sourcecode.c.objc; explicitFileType = undefined; includeInIndex = 0; };
		50C4CB03387945D5924BD9EC /* GCDWebServerFileRequest.m */ = {isa = PBXFileReference; name = "GCDWebServerFileRequest.m"; path = "cordova-plugin-ionic-webview/GCDWebServerFileRequest.m"; sourceTree = "<group>"; fileEncoding = 4; lastKnownFileType = sourcecode.c.objc; explicitFileType = undefined; includeInIndex = 0; };
		B8E8752640274CE4A3202FE0 /* GCDWebServerMultiPartFormRequest.m */ = {isa = PBXFileReference; name = "GCDWebServerMultiPartFormRequest.m"; path = "cordova-plugin-ionic-webview/GCDWebServerMultiPartFormRequest.m"; sourceTree = "<group>"; fileEncoding = 4; lastKnownFileType = sourcecode.c.objc; explicitFileType = undefined; includeInIndex = 0; };
		EB4110698B71427B98F9D50B /* GCDWebServerURLEncodedFormRequest.m */ = {isa = PBXFileReference; name = "GCDWebServerURLEncodedFormRequest.m"; path = "cordova-plugin-ionic-webview/GCDWebServerURLEncodedFormRequest.m"; sourceTree = "<group>"; fileEncoding = 4; lastKnownFileType = sourcecode.c.objc; explicitFileType = undefined; includeInIndex = 0; };
		BB418DD9D5BD4522BB8572DE /* GCDWebServerDataResponse.m */ = {isa = PBXFileReference; name = "GCDWebServerDataResponse.m"; path = "cordova-plugin-ionic-webview/GCDWebServerDataResponse.m"; sourceTree = "<group>"; fileEncoding = 4; lastKnownFileType = sourcecode.c.objc; explicitFileType = undefined; includeInIndex = 0; };
		577FDFCFD1AA42CC917722AD /* GCDWebServerErrorResponse.m */ = {isa = PBXFileReference; name = "GCDWebServerErrorResponse.m"; path = "cordova-plugin-ionic-webview/GCDWebServerErrorResponse.m"; sourceTree = "<group>"; fileEncoding = 4; lastKnownFileType = sourcecode.c.objc; explicitFileType = undefined; includeInIndex = 0; };
		D2539BB883654D38B28482A8 /* GCDWebServerFileResponse.m */ = {isa = PBXFileReference; name = "GCDWebServerFileResponse.m"; path = "cordova-plugin-ionic-webview/GCDWebServerFileResponse.m"; sourceTree = "<group>"; fileEncoding = 4; lastKnownFileType = sourcecode.c.objc; explicitFileType = undefined; includeInIndex = 0; };
		CF83A6A294784417ABD131A4 /* GCDWebServerStreamedResponse.m */ = {isa = PBXFileReference; name = "GCDWebServerStreamedResponse.m"; path = "cordova-plugin-ionic-webview/GCDWebServerStreamedResponse.m"; sourceTree = "<group>"; fileEncoding = 4; lastKnownFileType = sourcecode.c.objc; explicitFileType = undefined; includeInIndex = 0; };
		DC777727D0AD497784537871 /* CDVWKWebViewEngine.h */ = {isa = PBXFileReference; name = "CDVWKWebViewEngine.h"; path = "cordova-plugin-ionic-webview/CDVWKWebViewEngine.h"; sourceTree = "<group>"; fileEncoding = 4; lastKnownFileType = sourcecode.c.h; explicitFileType = undefined; includeInIndex = 0; };
		2FB69C7380C74EBE986E80A1 /* CDVWKWebViewUIDelegate.h */ = {isa = PBXFileReference; name = "CDVWKWebViewUIDelegate.h"; path = "cordova-plugin-ionic-webview/CDVWKWebViewUIDelegate.h"; sourceTree = "<group>"; fileEncoding = 4; lastKnownFileType = sourcecode.c.h; explicitFileType = undefined; includeInIndex = 0; };
		17A0D313FC54400FAF52B237 /* CDVWKProcessPoolFactory.h */ = {isa = PBXFileReference; name = "CDVWKProcessPoolFactory.h"; path = "cordova-plugin-ionic-webview/CDVWKProcessPoolFactory.h"; sourceTree = "<group>"; fileEncoding = 4; lastKnownFileType = sourcecode.c.h; explicitFileType = undefined; includeInIndex = 0; };
		3B6F8183DACF4B63B490B7A3 /* GCDWebServer.h */ = {isa = PBXFileReference; name = "GCDWebServer.h"; path = "cordova-plugin-ionic-webview/GCDWebServer.h"; sourceTree = "<group>"; fileEncoding = 4; lastKnownFileType = sourcecode.c.h; explicitFileType = undefined; includeInIndex = 0; };
		E8930C1E6CAC4BAE95E96C93 /* GCDWebServerConnection.h */ = {isa = PBXFileReference; name = "GCDWebServerConnection.h"; path = "cordova-plugin-ionic-webview/GCDWebServerConnection.h"; sourceTree = "<group>"; fileEncoding = 4; lastKnownFileType = sourcecode.c.h; explicitFileType = undefined; includeInIndex = 0; };
		6935A6EA25D24F7C93A9356E /* GCDWebServerFunctions.h */ = {isa = PBXFileReference; name = "GCDWebServerFunctions.h"; path = "cordova-plugin-ionic-webview/GCDWebServerFunctions.h"; sourceTree = "<group>"; fileEncoding = 4; lastKnownFileType = sourcecode.c.h; explicitFileType = undefined; includeInIndex = 0; };
		BAFB36C9E44240A8AFEF74C8 /* GCDWebServerHTTPStatusCodes.h */ = {isa = PBXFileReference; name = "GCDWebServerHTTPStatusCodes.h"; path = "cordova-plugin-ionic-webview/GCDWebServerHTTPStatusCodes.h"; sourceTree = "<group>"; fileEncoding = 4; lastKnownFileType = sourcecode.c.h; explicitFileType = undefined; includeInIndex = 0; };
		9F8E10D560C44725AE281D29 /* GCDWebServerPrivate.h */ = {isa = PBXFileReference; name = "GCDWebServerPrivate.h"; path = "cordova-plugin-ionic-webview/GCDWebServerPrivate.h"; sourceTree = "<group>"; fileEncoding = 4; lastKnownFileType = sourcecode.c.h; explicitFileType = undefined; includeInIndex = 0; };
		5348B3EE8131453D84A4A52B /* GCDWebServerRequest.h */ = {isa = PBXFileReference; name = "GCDWebServerRequest.h"; path = "cordova-plugin-ionic-webview/GCDWebServerRequest.h"; sourceTree = "<group>"; fileEncoding = 4; lastKnownFileType = sourcecode.c.h; explicitFileType = undefined; includeInIndex = 0; };
		0EB9245713E34D95A1D933EF /* GCDWebServerResponse.h */ = {isa = PBXFileReference; name = "GCDWebServerResponse.h"; path = "cordova-plugin-ionic-webview/GCDWebServerResponse.h"; sourceTree = "<group>"; fileEncoding = 4; lastKnownFileType = sourcecode.c.h; explicitFileType = undefined; includeInIndex = 0; };
		D4D98CD5FF514CA7B2A2E086 /* GCDWebServerDataRequest.h */ = {isa = PBXFileReference; name = "GCDWebServerDataRequest.h"; path = "cordova-plugin-ionic-webview/GCDWebServerDataRequest.h"; sourceTree = "<group>"; fileEncoding = 4; lastKnownFileType = sourcecode.c.h; explicitFileType = undefined; includeInIndex = 0; };
		282E7E758FFE4E868F4F62DD /* GCDWebServerFileRequest.h */ = {isa = PBXFileReference; name = "GCDWebServerFileRequest.h"; path = "cordova-plugin-ionic-webview/GCDWebServerFileRequest.h"; sourceTree = "<group>"; fileEncoding = 4; lastKnownFileType = sourcecode.c.h; explicitFileType = undefined; includeInIndex = 0; };
		D114E66C6CBF4B5D8A095EFA /* GCDWebServerMultiPartFormRequest.h */ = {isa = PBXFileReference; name = "GCDWebServerMultiPartFormRequest.h"; path = "cordova-plugin-ionic-webview/GCDWebServerMultiPartFormRequest.h"; sourceTree = "<group>"; fileEncoding = 4; lastKnownFileType = sourcecode.c.h; explicitFileType = undefined; includeInIndex = 0; };
		B68099B961DB42B2A609EF63 /* GCDWebServerURLEncodedFormRequest.h */ = {isa = PBXFileReference; name = "GCDWebServerURLEncodedFormRequest.h"; path = "cordova-plugin-ionic-webview/GCDWebServerURLEncodedFormRequest.h"; sourceTree = "<group>"; fileEncoding = 4; lastKnownFileType = sourcecode.c.h; explicitFileType = undefined; includeInIndex = 0; };
		EC00736F12794823BF9B2CBF /* GCDWebServerDataResponse.h */ = {isa = PBXFileReference; name = "GCDWebServerDataResponse.h"; path = "cordova-plugin-ionic-webview/GCDWebServerDataResponse.h"; sourceTree = "<group>"; fileEncoding = 4; lastKnownFileType = sourcecode.c.h; explicitFileType = undefined; includeInIndex = 0; };
		C493132D3829424AB86EBB86 /* GCDWebServerErrorResponse.h */ = {isa = PBXFileReference; name = "GCDWebServerErrorResponse.h"; path = "cordova-plugin-ionic-webview/GCDWebServerErrorResponse.h"; sourceTree = "<group>"; fileEncoding = 4; lastKnownFileType = sourcecode.c.h; explicitFileType = undefined; includeInIndex = 0; };
		A96C1EEEC525454BBAE423B1 /* GCDWebServerFileResponse.h */ = {isa = PBXFileReference; name = "GCDWebServerFileResponse.h"; path = "cordova-plugin-ionic-webview/GCDWebServerFileResponse.h"; sourceTree = "<group>"; fileEncoding = 4; lastKnownFileType = sourcecode.c.h; explicitFileType = undefined; includeInIndex = 0; };
		E8E3258DD236479487A3B9C6 /* GCDWebServerStreamedResponse.h */ = {isa = PBXFileReference; name = "GCDWebServerStreamedResponse.h"; path = "cordova-plugin-ionic-webview/GCDWebServerStreamedResponse.h"; sourceTree = "<group>"; fileEncoding = 4; lastKnownFileType = sourcecode.c.h; explicitFileType = undefined; includeInIndex = 0; };
		5A00DC05E4E54877B5D2FC78 /* WebKit.framework */ = {isa = PBXFileReference; name = "WebKit.framework"; path = "System/Library/Frameworks/WebKit.framework"; sourceTree = SDKROOT; fileEncoding = undefined; lastKnownFileType = wrapper.framework; explicitFileType = undefined; includeInIndex = 0; };
		E94BA357FDF84636BD4197DE /* libz.tbd */ = {isa = PBXFileReference; name = "libz.tbd"; path = "usr/lib/libz.tbd"; sourceTree = SDKROOT; fileEncoding = undefined; lastKnownFileType = sourcecode.text-based-dylib-definition; explicitFileType = undefined; includeInIndex = 0; };
		B8480ECFCB1047BEB7389250 /* CDVSplashScreen.m */ = {isa = PBXFileReference; name = "CDVSplashScreen.m"; path = "cordova-plugin-splashscreen/CDVSplashScreen.m"; sourceTree = "<group>"; fileEncoding = 4; lastKnownFileType = sourcecode.c.objc; explicitFileType = undefined; includeInIndex = 0; };
		EC329711172249868BE6B601 /* CDVViewController+SplashScreen.m */ = {isa = PBXFileReference; name = "CDVViewController+SplashScreen.m"; path = "cordova-plugin-splashscreen/CDVViewController+SplashScreen.m"; sourceTree = "<group>"; fileEncoding = 4; lastKnownFileType = sourcecode.c.objc; explicitFileType = undefined; includeInIndex = 0; };
		80453CC7593E416FB89D88B5 /* CDVSplashScreen.h */ = {isa = PBXFileReference; name = "CDVSplashScreen.h"; path = "cordova-plugin-splashscreen/CDVSplashScreen.h"; sourceTree = "<group>"; fileEncoding = 4; lastKnownFileType = sourcecode.c.h; explicitFileType = undefined; includeInIndex = 0; };
		4411DFB050584B559DD0CC12 /* CDVViewController+SplashScreen.h */ = {isa = PBXFileReference; name = "CDVViewController+SplashScreen.h"; path = "cordova-plugin-splashscreen/CDVViewController+SplashScreen.h"; sourceTree = "<group>"; fileEncoding = 4; lastKnownFileType = sourcecode.c.h; explicitFileType = undefined; includeInIndex = 0; };
		74D48BFC5C45409B9B9CEB26 /* CDVStatusBar.m */ = {isa = PBXFileReference; name = "CDVStatusBar.m"; path = "cordova-plugin-statusbar/CDVStatusBar.m"; sourceTree = "<group>"; fileEncoding = 4; lastKnownFileType = sourcecode.c.objc; explicitFileType = undefined; includeInIndex = 0; };
		73BA819E91F0450EB84DF2BD /* CDVStatusBar.h */ = {isa = PBXFileReference; name = "CDVStatusBar.h"; path = "cordova-plugin-statusbar/CDVStatusBar.h"; sourceTree = "<group>"; fileEncoding = 4; lastKnownFileType = sourcecode.c.h; explicitFileType = undefined; includeInIndex = 0; };
/* End PBXFileReference section */

/* Begin PBXFrameworksBuildPhase section */
		1D60588F0D05DD3D006BFB54 /* Frameworks */ = {
			isa = PBXFrameworksBuildPhase;
			buildActionMask = 2147483647;
			files = (
				301BF552109A68D80062928A /* libCordova.a in Frameworks */,
				7CD35E82C6DB40678AF5B94B /* Security.framework in Frameworks */,
				C5CF68A22B9D4137A4F984CB /* SystemConfiguration.framework in Frameworks */,
				D74CF49005B046369E7D70E0 /* WebKit.framework in Frameworks */,
				4A20E2720F0F4C958C36159A /* libz.tbd in Frameworks */,
			);
			runOnlyForDeploymentPostprocessing = 0;
		};
/* End PBXFrameworksBuildPhase section */

/* Begin PBXGroup section */
		080E96DDFE201D6D7F000001 /* Classes */ = {
			isa = PBXGroup;
			children = (
				302D95EE14D2391D003F00A1 /* MainViewController.h */,
				302D95EF14D2391D003F00A1 /* MainViewController.m */,
				302D95F014D2391D003F00A1 /* MainViewController.xib */,
				1D3623240D0F684500981E51 /* AppDelegate.h */,
				1D3623250D0F684500981E51 /* AppDelegate.m */,
			);
			name = Classes;
			path = "dippinno/Classes";
			sourceTree = SOURCE_ROOT;
		};
		19C28FACFE9D520D11CA2CBB /* Products */ = {
			isa = PBXGroup;
			children = (
				1D6058910D05DD3D006BFB54 /* dippinno.app */,
			);
			name = Products;
			sourceTree = "<group>";
		};
		29B97314FDCFA39411CA2CEA /* CustomTemplate */ = {
			isa = PBXGroup;
			children = (
				EB87FDF41871DAF40020F90C /* config.xml */,
				EB87FDF31871DA8E0020F90C /* www */,
				EB87FDF11871DA420020F90C /* Staging */,
				301BF52D109A57CC0062928A /* CordovaLib.xcodeproj */,
				080E96DDFE201D6D7F000001 /* Classes */,
				307C750510C5A3420062BCA9 /* Plugins */,
				29B97315FDCFA39411CA2CEA /* Other Sources */,
				29B97317FDCFA39411CA2CEA /* Resources */,
				29B97323FDCFA39411CA2CEA /* Frameworks */,
				19C28FACFE9D520D11CA2CBB /* Products */,
			);
			name = CustomTemplate;
			sourceTree = "<group>";
		};
		29B97315FDCFA39411CA2CEA /* Other Sources */ = {
			isa = PBXGroup;
			children = (
				32CA4F630368D1EE00C91783 /* dippinno-Prefix.pch */,
				29B97316FDCFA39411CA2CEA /* main.m */,
				ED33DF2A687741AEAF9F8254 /* Bridging-Header.h */,
			);
			name = "Other Sources";
			path = "dippinno";
			sourceTree = "<group>";
		};
		29B97317FDCFA39411CA2CEA /* Resources */ = {
			isa = PBXGroup;
			children = (
				0207DA571B56EA530066E2B4 /* Images.xcassets */,
				3047A50E1AB8057F00498E2A /* config */,
				8D1107310486CEB800E47090 /* dippinno-Info.plist */,
				6AFF5BF81D6E424B00AB3073 /* CDVLaunchScreen.storyboard */,
			);
			name = Resources;
			path = "dippinno/Resources";
			sourceTree = "<group>";
		};
		29B97323FDCFA39411CA2CEA /* Frameworks */ = {
			isa = PBXGroup;
			children = (
				D536AF3A1EA44208A9981E9D /* Security.framework */,
				BAB5C2111BFA45D8A641B40D /* SystemConfiguration.framework */,
				5A00DC05E4E54877B5D2FC78 /* WebKit.framework */,
				E94BA357FDF84636BD4197DE /* libz.tbd */,
			);
			name = Frameworks;
			sourceTree = "<group>";
		};
		301BF52E109A57CC0062928A /* Products */ = {
			isa = PBXGroup;
			children = (
				301BF535109A57CC0062928A /* libCordova.a */,
			);
			name = Products;
			sourceTree = "<group>";
		};
		3047A50E1AB8057F00498E2A /* config */ = {
			isa = PBXGroup;
			children = (
				3047A50F1AB8059700498E2A /* build-debug.xcconfig */,
				3047A5101AB8059700498E2A /* build-release.xcconfig */,
				3047A5111AB8059700498E2A /* build.xcconfig */,
			);
			name = config;
			sourceTree = "<group>";
		};
		307C750510C5A3420062BCA9 /* Plugins */ = {
			isa = PBXGroup;
			children = (
				43C9172A1E4A47CFBFD1B3C9 /* CDVFile.m */,
				C85E922E42E4450B90D4075D /* CDVLocalFilesystem.m */,
				77A05447FA754B80A603C0F9 /* CDVAssetLibraryFilesystem.m */,
				C714082C9BB44FBDB369D49D /* CDVFile.h */,
				42FDC75C6C584E04ADF962FA /* CDVLocalFilesystem.h */,
				B8A23EDB50204ABC89E8A272 /* CDVAssetLibraryFilesystem.h */,
				3DA4D9A29BCF44E28B47AC6A /* CordovaHttpPlugin.m */,
				08A02137444F4E57A45DD5F8 /* TextResponseSerializer.m */,
				6A0D17C3B73048CFA5C85925 /* TextRequestSerializer.m */,
				320F9EB504AA493298078604 /* AFHTTPSessionManager.m */,
				C3507970EA7048AB968A6A1B /* AFNetworkReachabilityManager.m */,
				BEDA7B1FDEFE4F21AC3BBFB2 /* AFSecurityPolicy.m */,
				12BCE53B31E64E3DBC7EC649 /* AFURLRequestSerialization.m */,
				5D24A3AE77A94FE28683C343 /* AFURLResponseSerialization.m */,
				74362A1B42DA4EBEA13DEBF2 /* AFURLSessionManager.m */,
				09442F8E41A942529D156D45 /* SDNetworkActivityIndicator.m */,
				F487E17D46AD44A481B6F397 /* CordovaHttpPlugin.h */,
				43038DE859304B7DADF465B1 /* TextResponseSerializer.h */,
				0DA397DD62654B398BA78BB6 /* TextRequestSerializer.h */,
				42D526FD698843248DE8DB04 /* AFHTTPSessionManager.h */,
				C46E661E0CD041678F439EF4 /* AFNetworking.h */,
				09886C9A27894568AF87EC31 /* AFNetworkReachabilityManager.h */,
				415F08A57BAD411B84A7E176 /* AFSecurityPolicy.h */,
				2CC213DD700444A087546BD6 /* AFURLRequestSerialization.h */,
				8972EAF7351E4C9BB2B768FE /* AFURLResponseSerialization.h */,
				118AAFD587994B119B906F5F /* AFURLSessionManager.h */,
				C035ABA6B4BE4787A443C614 /* SDNetworkActivityIndicator.h */,
				4C1E485D9EAD475B92B02983 /* CDVDevice.m */,
				DB72155E55794FC9A5718813 /* CDVDevice.h */,
				151F9AE1A7A04F18A10551F5 /* CDVIonicKeyboard.m */,
				775D3EBFE557402CA23FA607 /* CDVIonicKeyboard.h */,
				A6FB28B48AB740D9BF4E83AF /* CDVWKWebViewEngine.m */,
				96B4B8D9E79548868E50BC1C /* CDVWKWebViewUIDelegate.m */,
				60E2811F842541F0B9254451 /* CDVWKProcessPoolFactory.m */,
				7685A17629E34BE3A064FF04 /* GCDWebServer.m */,
				16E20725F22F4869ABFCF34C /* GCDWebServerConnection.m */,
				9E72405DD42C409B8BFEB70C /* GCDWebServerFunctions.m */,
				6404560AEBAD4DB793AC0B77 /* GCDWebServerRequest.m */,
				B6A4CDBCE233476AB587CE09 /* GCDWebServerResponse.m */,
				C4A839F223F6458D872569B6 /* GCDWebServerDataRequest.m */,
				50C4CB03387945D5924BD9EC /* GCDWebServerFileRequest.m */,
				B8E8752640274CE4A3202FE0 /* GCDWebServerMultiPartFormRequest.m */,
				EB4110698B71427B98F9D50B /* GCDWebServerURLEncodedFormRequest.m */,
				BB418DD9D5BD4522BB8572DE /* GCDWebServerDataResponse.m */,
				577FDFCFD1AA42CC917722AD /* GCDWebServerErrorResponse.m */,
				D2539BB883654D38B28482A8 /* GCDWebServerFileResponse.m */,
				CF83A6A294784417ABD131A4 /* GCDWebServerStreamedResponse.m */,
				DC777727D0AD497784537871 /* CDVWKWebViewEngine.h */,
				2FB69C7380C74EBE986E80A1 /* CDVWKWebViewUIDelegate.h */,
				17A0D313FC54400FAF52B237 /* CDVWKProcessPoolFactory.h */,
				3B6F8183DACF4B63B490B7A3 /* GCDWebServer.h */,
				E8930C1E6CAC4BAE95E96C93 /* GCDWebServerConnection.h */,
				6935A6EA25D24F7C93A9356E /* GCDWebServerFunctions.h */,
				BAFB36C9E44240A8AFEF74C8 /* GCDWebServerHTTPStatusCodes.h */,
				9F8E10D560C44725AE281D29 /* GCDWebServerPrivate.h */,
				5348B3EE8131453D84A4A52B /* GCDWebServerRequest.h */,
				0EB9245713E34D95A1D933EF /* GCDWebServerResponse.h */,
				D4D98CD5FF514CA7B2A2E086 /* GCDWebServerDataRequest.h */,
				282E7E758FFE4E868F4F62DD /* GCDWebServerFileRequest.h */,
				D114E66C6CBF4B5D8A095EFA /* GCDWebServerMultiPartFormRequest.h */,
				B68099B961DB42B2A609EF63 /* GCDWebServerURLEncodedFormRequest.h */,
				EC00736F12794823BF9B2CBF /* GCDWebServerDataResponse.h */,
				C493132D3829424AB86EBB86 /* GCDWebServerErrorResponse.h */,
				A96C1EEEC525454BBAE423B1 /* GCDWebServerFileResponse.h */,
				E8E3258DD236479487A3B9C6 /* GCDWebServerStreamedResponse.h */,
				B8480ECFCB1047BEB7389250 /* CDVSplashScreen.m */,
				EC329711172249868BE6B601 /* CDVViewController+SplashScreen.m */,
				80453CC7593E416FB89D88B5 /* CDVSplashScreen.h */,
				4411DFB050584B559DD0CC12 /* CDVViewController+SplashScreen.h */,
				74D48BFC5C45409B9B9CEB26 /* CDVStatusBar.m */,
				73BA819E91F0450EB84DF2BD /* CDVStatusBar.h */,
			);
			name = Plugins;
			path = "dippinno/Plugins";
			sourceTree = SOURCE_ROOT;
		};
		EB87FDF11871DA420020F90C /* Staging */ = {
			isa = PBXGroup;
			children = (
				F840E1F0165FE0F500CFE078 /* config.xml */,
				301BF56E109A69640062928A /* www */,
			);
			name = Staging;
			sourceTree = "<group>";
		};
/* End PBXGroup section */

/* Begin PBXNativeTarget section */
		1D6058900D05DD3D006BFB54 /* dippinno */ = {
			isa = PBXNativeTarget;
			buildConfigurationList = 1D6058960D05DD3E006BFB54 /* Build configuration list for PBXNativeTarget "dippinno" */;
			buildPhases = (
				304B58A110DAC018002A0835 /* Copy www directory */,
				1D60588D0D05DD3D006BFB54 /* Resources */,
				1D60588E0D05DD3D006BFB54 /* Sources */,
				1D60588F0D05DD3D006BFB54 /* Frameworks */,
			);
			buildRules = (
			);
			dependencies = (
				301BF551109A68C00062928A /* PBXTargetDependency */,
			);
			name = "dippinno";
			productName = "dippinno";
			productReference = 1D6058910D05DD3D006BFB54 /* dippinno.app */;
			productType = "com.apple.product-type.application";
		};
/* End PBXNativeTarget section */

/* Begin PBXProject section */
		29B97313FDCFA39411CA2CEA /* Project object */ = {
			isa = PBXProject;
			attributes = {
				LastUpgradeCheck = 510;
			};
			buildConfigurationList = C01FCF4E08A954540054247B /* Build configuration list for PBXProject "__NON-CLI__" */;
			compatibilityVersion = "Xcode 3.2";
			developmentRegion = English;
			hasScannedForEncodings = 1;
			mainGroup = 29B97314FDCFA39411CA2CEA /* CustomTemplate */;
			projectDirPath = "";
			projectReferences = (
				{
					ProductGroup = 301BF52E109A57CC0062928A /* Products */;
					ProjectRef = 301BF52D109A57CC0062928A /* CordovaLib.xcodeproj */;
				},
			);
			projectRoot = "";
			targets = (
				1D6058900D05DD3D006BFB54 /* dippinno */,
			);
		};
/* End PBXProject section */

/* Begin PBXReferenceProxy section */
		301BF535109A57CC0062928A /* libCordova.a */ = {
			isa = PBXReferenceProxy;
			fileType = archive.ar;
			path = libCordova.a;
			remoteRef = 301BF534109A57CC0062928A /* PBXContainerItemProxy */;
			sourceTree = BUILT_PRODUCTS_DIR;
		};
/* End PBXReferenceProxy section */

/* Begin PBXResourcesBuildPhase section */
		1D60588D0D05DD3D006BFB54 /* Resources */ = {
			isa = PBXResourcesBuildPhase;
			buildActionMask = 2147483647;
			files = (
				302D95F214D2391D003F00A1 /* MainViewController.xib in Resources */,
				0207DA581B56EA530066E2B4 /* Images.xcassets in Resources */,
				6AFF5BF91D6E424B00AB3073 /* CDVLaunchScreen.storyboard in Resources */,
			);
			runOnlyForDeploymentPostprocessing = 0;
		};
/* End PBXResourcesBuildPhase section */

/* Begin PBXShellScriptBuildPhase section */
		304B58A110DAC018002A0835 /* Copy www directory */ = {
			isa = PBXShellScriptBuildPhase;
			buildActionMask = 2147483647;
			files = (
			);
			inputPaths = (
			);
			name = "Copy www directory";
			outputPaths = (
			);
			runOnlyForDeploymentPostprocessing = 0;
			shellPath = /bin/sh;
			shellScript = "NODEJS_PATH=/usr/local/bin; NVM_NODE_PATH=~/.nvm/versions/node/`nvm version 2>/dev/null`/bin; N_NODE_PATH=`find /usr/local/n/versions/node/* -maxdepth 0 -type d 2>/dev/null | tail -1`/bin; XCODE_NODE_PATH=`xcode-select --print-path`/usr/share/xcs/Node/bin; PATH=$NODEJS_PATH:$NVM_NODE_PATH:$N_NODE_PATH:$XCODE_NODE_PATH:$PATH && node cordova/lib/copy-www-build-step.js";
			showEnvVarsInLog = 0;
		};
/* End PBXShellScriptBuildPhase section */

/* Begin PBXSourcesBuildPhase section */
		1D60588E0D05DD3D006BFB54 /* Sources */ = {
			isa = PBXSourcesBuildPhase;
			buildActionMask = 2147483647;
			files = (
				1D60589B0D05DD56006BFB54 /* main.m in Sources */,
				1D3623260D0F684500981E51 /* AppDelegate.m in Sources */,
				302D95F114D2391D003F00A1 /* MainViewController.m in Sources */,
				4D3C0B2EC5174131B961F751 /* CDVFile.m in Sources */,
				232F24A69E974CD1A1947730 /* CDVLocalFilesystem.m in Sources */,
				A28403FCFD454EA38241FE8B /* CDVAssetLibraryFilesystem.m in Sources */,
				5CA5A313904C4DA89A25DA20 /* CordovaHttpPlugin.m in Sources */,
				F8136A2478D24FBE80E0C149 /* TextResponseSerializer.m in Sources */,
				A9249615E4014B0F88DB935B /* TextRequestSerializer.m in Sources */,
				F0F94015F6C94EB9B1E3AFEB /* AFHTTPSessionManager.m in Sources */,
				26452D1E599B469D86874390 /* AFNetworkReachabilityManager.m in Sources */,
				4C1382E0E5BD4BFC9E04575C /* AFSecurityPolicy.m in Sources */,
				801F85E98B3D42F88B48FDFD /* AFURLRequestSerialization.m in Sources */,
				F4884869F0774DED803D5214 /* AFURLResponseSerialization.m in Sources */,
				D9CCDDB00BF340F7991E3517 /* AFURLSessionManager.m in Sources */,
				1C653494CFED4B589FD347BA /* SDNetworkActivityIndicator.m in Sources */,
				DE952FCD5BC24356956BF659 /* CDVDevice.m in Sources */,
				7A18353F573F44B891EE83E5 /* CDVIonicKeyboard.m in Sources */,
				C5ACEFC7BC8447C1B720DEBA /* CDVWKWebViewEngine.m in Sources */,
				66A934EA0A67491DA37347AA /* CDVWKWebViewUIDelegate.m in Sources */,
				A2C68527DEEF43788CD8274F /* CDVWKProcessPoolFactory.m in Sources */,
				8263C6CA838645B88A04D3DC /* GCDWebServer.m in Sources */,
				81156B27740D4C44B29E5DC9 /* GCDWebServerConnection.m in Sources */,
				1001524DC7184ED9BA92B7B5 /* GCDWebServerFunctions.m in Sources */,
				C9CEB23154884B4CB2DDD225 /* GCDWebServerRequest.m in Sources */,
				11B7AF77F7CA43079F1D1C23 /* GCDWebServerResponse.m in Sources */,
				A18F9E62594E4C0F8382F301 /* GCDWebServerDataRequest.m in Sources */,
				CDD95A65BA1840E8A6582E5E /* GCDWebServerFileRequest.m in Sources */,
				D12A798C0E50479498BC1448 /* GCDWebServerMultiPartFormRequest.m in Sources */,
				9A8BA3E4DD754802BC69F78E /* GCDWebServerURLEncodedFormRequest.m in Sources */,
				920C691F1AB749CBA6D87D98 /* GCDWebServerDataResponse.m in Sources */,
				ED5CF106036740F79360D969 /* GCDWebServerErrorResponse.m in Sources */,
				0B6A06BDF17B470A8C443683 /* GCDWebServerFileResponse.m in Sources */,
				E7BEA2ED13BE4225B010C71D /* GCDWebServerStreamedResponse.m in Sources */,
				8C467A05AE7745A1A278B008 /* CDVSplashScreen.m in Sources */,
				FD3E60543E7F4D58935C5C39 /* CDVViewController+SplashScreen.m in Sources */,
				724031B24610469FA70C4750 /* CDVStatusBar.m in Sources */,
			);
			runOnlyForDeploymentPostprocessing = 0;
		};
/* End PBXSourcesBuildPhase section */

/* Begin PBXTargetDependency section */
		301BF551109A68C00062928A /* PBXTargetDependency */ = {
			isa = PBXTargetDependency;
			name = CordovaLib;
			targetProxy = 301BF550109A68C00062928A /* PBXContainerItemProxy */;
		};
/* End PBXTargetDependency section */

/* Begin XCBuildConfiguration section */
		1D6058940D05DD3E006BFB54 /* Debug */ = {
			isa = XCBuildConfiguration;
			baseConfigurationReference = 3047A50F1AB8059700498E2A /* build-debug.xcconfig */;
			buildSettings = {
				ALWAYS_SEARCH_USER_PATHS = NO;
				ASSETCATALOG_COMPILER_APPICON_NAME = AppIcon;
				ASSETCATALOG_COMPILER_LAUNCHIMAGE_NAME = LaunchImage;
				CLANG_ENABLE_MODULES = YES;
				CLANG_ENABLE_OBJC_ARC = YES;
				COPY_PHASE_STRIP = NO;
				GCC_DYNAMIC_NO_PIC = NO;
				GCC_OPTIMIZATION_LEVEL = 0;
				GCC_PRECOMPILE_PREFIX_HEADER = YES;
				GCC_PREFIX_HEADER = "dippinno/dippinno-Prefix.pch";
				GCC_THUMB_SUPPORT = NO;
				GCC_VERSION = "";
				INFOPLIST_FILE = "dippinno/dippinno-Info.plist";
				IPHONEOS_DEPLOYMENT_TARGET = 9.0;
				LD_RUNPATH_SEARCH_PATHS = "@executable_path/Frameworks";
				TARGETED_DEVICE_FAMILY = "1,2";
				PRODUCT_NAME = "dippinno";
			};
			name = Debug;
		};
		1D6058950D05DD3E006BFB54 /* Release */ = {
			isa = XCBuildConfiguration;
			baseConfigurationReference = 3047A5101AB8059700498E2A /* build-release.xcconfig */;
			buildSettings = {
				ALWAYS_SEARCH_USER_PATHS = NO;
				ASSETCATALOG_COMPILER_APPICON_NAME = AppIcon;
				ASSETCATALOG_COMPILER_LAUNCHIMAGE_NAME = LaunchImage;
				CLANG_ENABLE_MODULES = YES;
				CLANG_ENABLE_OBJC_ARC = YES;
				COPY_PHASE_STRIP = YES;
				GCC_PRECOMPILE_PREFIX_HEADER = YES;
				GCC_PREFIX_HEADER = "dippinno/dippinno-Prefix.pch";
				GCC_THUMB_SUPPORT = NO;
				GCC_VERSION = "";
				INFOPLIST_FILE = "dippinno/dippinno-Info.plist";
				IPHONEOS_DEPLOYMENT_TARGET = 9.0;
				LD_RUNPATH_SEARCH_PATHS = "@executable_path/Frameworks";
				TARGETED_DEVICE_FAMILY = "1,2";
				PRODUCT_NAME = "dippinno";
			};
			name = Release;
		};
		C01FCF4F08A954540054247B /* Debug */ = {
			isa = XCBuildConfiguration;
			baseConfigurationReference = 3047A5111AB8059700498E2A /* build.xcconfig */;
			buildSettings = {
				CLANG_ENABLE_MODULES = YES;
				CLANG_ENABLE_OBJC_ARC = YES;
				CLANG_WARN_BOOL_CONVERSION = YES;
				CLANG_WARN_CONSTANT_CONVERSION = YES;
				CLANG_WARN_EMPTY_BODY = YES;
				CLANG_WARN_ENUM_CONVERSION = YES;
				CLANG_WARN_INT_CONVERSION = YES;
				CLANG_WARN__DUPLICATE_METHOD_MATCH = YES;
				GCC_C_LANGUAGE_STANDARD = c99;
				GCC_THUMB_SUPPORT = NO;
				GCC_VERSION = "";
				GCC_WARN_ABOUT_RETURN_TYPE = YES;
				GCC_WARN_UNDECLARED_SELECTOR = YES;
				GCC_WARN_UNINITIALIZED_AUTOS = YES;
				GCC_WARN_UNUSED_FUNCTION = YES;
				GCC_WARN_UNUSED_VARIABLE = YES;
				ONLY_ACTIVE_ARCH = YES;
				SDKROOT = iphoneos;
				SKIP_INSTALL = NO;
			};
			name = Debug;
		};
		C01FCF5008A954540054247B /* Release */ = {
			isa = XCBuildConfiguration;
			baseConfigurationReference = 3047A5111AB8059700498E2A /* build.xcconfig */;
			buildSettings = {
				CLANG_ENABLE_MODULES = YES;
				CLANG_ENABLE_OBJC_ARC = YES;
				CLANG_WARN_BOOL_CONVERSION = YES;
				CLANG_WARN_CONSTANT_CONVERSION = YES;
				CLANG_WARN_EMPTY_BODY = YES;
				CLANG_WARN_ENUM_CONVERSION = YES;
				CLANG_WARN_INT_CONVERSION = YES;
				CLANG_WARN__DUPLICATE_METHOD_MATCH = YES;
				GCC_C_LANGUAGE_STANDARD = c99;
				GCC_THUMB_SUPPORT = NO;
				GCC_VERSION = "";
				GCC_WARN_ABOUT_RETURN_TYPE = YES;
				GCC_WARN_UNDECLARED_SELECTOR = YES;
				GCC_WARN_UNINITIALIZED_AUTOS = YES;
				GCC_WARN_UNUSED_FUNCTION = YES;
				GCC_WARN_UNUSED_VARIABLE = YES;
				SDKROOT = iphoneos;
				SKIP_INSTALL = NO;
			};
			name = Release;
		};
/* End XCBuildConfiguration section */

/* Begin XCConfigurationList section */
		1D6058960D05DD3E006BFB54 /* Build configuration list for PBXNativeTarget "dippinno" */ = {
			isa = XCConfigurationList;
			buildConfigurations = (
				1D6058940D05DD3E006BFB54 /* Debug */,
				1D6058950D05DD3E006BFB54 /* Release */,
			);
			defaultConfigurationIsVisible = 0;
			defaultConfigurationName = Release;
		};
		C01FCF4E08A954540054247B /* Build configuration list for PBXProject "__NON-CLI__" */ = {
			isa = XCConfigurationList;
			buildConfigurations = (
				C01FCF4F08A954540054247B /* Debug */,
				C01FCF5008A954540054247B /* Release */,
			);
			defaultConfigurationIsVisible = 0;
			defaultConfigurationName = Release;
		};
/* End XCConfigurationList section */
	};
	rootObject = 29B97313FDCFA39411CA2CEA /* Project object */;
}
